
Microsoft Visual Studio Solution File, Format Version 12.00
# Visual Studio Version 17
VisualStudioVersion = 17.4.33403.182
MinimumVisualStudioVersion = 10.0.40219.1
Project("{FAE04EC0-301F-11D3-BF4B-00C04F79EFBC}") = "tetris", "tetris\tetris.csproj", "{86464CF0-5B85-48A5-BACA-3B97AD18A720}"
EndProject
Global
	GlobalSection(SolutionConfigurationPlatforms) = preSolution
		Debug|Any CPU = Debug|Any CPU
		Release|Any CPU = Release|Any CPU
	EndGlobalSection
	GlobalSection(ProjectConfigurationPlatforms) = postSolution
		{86464CF0-5B85-48A5-BACA-3B97AD18A720}.Debug|Any CPU.ActiveCfg = Debug|Any CPU
		{86464CF0-5B85-48A5-BACA-3B97AD18A720}.Debug|Any CPU.Build.0 = Debug|Any CPU
		{86464CF0-5B85-48A5-BACA-3B97AD18A720}.Release|Any CPU.ActiveCfg = Release|Any CPU
		{86464CF0-5B85-48A5-BACA-3B97AD18A720}.Release|Any CPU.Build.0 = Release|Any CPU
	EndGlobalSection
	GlobalSection(SolutionProperties) = preSolution
		HideSolutionNode = FALSE
	EndGlobalSection
	GlobalSection(ExtensibilityGlobals) = postSolution
		SolutionGuid = {4328FCCF-02A9-44A8-B53A-F57C7B09CC5C}
	EndGlobalSection
EndGlobal
